
Microsoft Visual Studio Solution File, Format Version 12.00
# Visual Studio Version 17
VisualStudioVersion = 17.6.33815.320
MinimumVisualStudioVersion = 10.0.40219.1
Project("{8BC9CEB8-8B4A-11D0-8D11-00A0C91BC942}") = "Opdracht_6.13.6", "Opdracht_6.13.6.vcxproj", "{F98225F3-D910-489F-9ADC-20C05157C6AD}"
EndProject
Global
	GlobalSection(SolutionConfigurationPlatforms) = preSolution
		Debug|x64 = Debug|x64
		Debug|x86 = Debug|x86
		Release|x64 = Release|x64
		Release|x86 = Release|x86
	EndGlobalSection
	GlobalSection(ProjectConfigurationPlatforms) = postSolution
		{F98225F3-D910-489F-9ADC-20C05157C6AD}.Debug|x64.ActiveCfg = Debug|x64
		{F98225F3-D910-489F-9ADC-20C05157C6AD}.Debug|x64.Build.0 = Debug|x64
		{F98225F3-D910-489F-9ADC-20C05157C6AD}.Debug|x86.ActiveCfg = Debug|Win32
		{F98225F3-D910-489F-9ADC-20C05157C6AD}.Debug|x86.Build.0 = Debug|Win32
		{F98225F3-D910-489F-9ADC-20C05157C6AD}.Release|x64.ActiveCfg = Release|x64
		{F98225F3-D910-489F-9ADC-20C05157C6AD}.Release|x64.Build.0 = Release|x64
		{F98225F3-D910-489F-9ADC-20C05157C6AD}.Release|x86.ActiveCfg = Release|Win32
		{F98225F3-D910-489F-9ADC-20C05157C6AD}.Release|x86.Build.0 = Release|Win32
	EndGlobalSection
	GlobalSection(SolutionProperties) = preSolution
		HideSolutionNode = FALSE
	EndGlobalSection
	GlobalSection(ExtensibilityGlobals) = postSolution
		SolutionGuid = {04B7C56C-2CC4-4ACD-A90A-B69EA1976CAA}
	EndGlobalSection
EndGlobal
